
Microsoft Visual Studio Solution File, Format Version 12.00
# Visual Studio 15
VisualStudioVersion = 15.0.27703.2047
MinimumVisualStudioVersion = 10.0.40219.1
Project("{FAE04EC0-301F-11D3-BF4B-00C04F79EFBC}") = "Guess_Number", "Guess_Number\Guess_Number.csproj", "{F4204980-8C21-4AE9-913C-25FF1F92C1CA}"
EndProject
Global
	GlobalSection(SolutionConfigurationPlatforms) = preSolution
		Debug|Any CPU = Debug|Any CPU
		Release|Any CPU = Release|Any CPU
	EndGlobalSection
	GlobalSection(ProjectConfigurationPlatforms) = postSolution
		{F4204980-8C21-4AE9-913C-25FF1F92C1CA}.Debug|Any CPU.ActiveCfg = Debug|Any CPU
		{F4204980-8C21-4AE9-913C-25FF1F92C1CA}.Debug|Any CPU.Build.0 = Debug|Any CPU
		{F4204980-8C21-4AE9-913C-25FF1F92C1CA}.Release|Any CPU.ActiveCfg = Release|Any CPU
		{F4204980-8C21-4AE9-913C-25FF1F92C1CA}.Release|Any CPU.Build.0 = Release|Any CPU
	EndGlobalSection
	GlobalSection(SolutionProperties) = preSolution
		HideSolutionNode = FALSE
	EndGlobalSection
	GlobalSection(ExtensibilityGlobals) = postSolution
		SolutionGuid = {7B1D4314-8A17-4D43-9A5F-4EFC7D794261}
	EndGlobalSection
EndGlobal
